
Microsoft Visual Studio Solution File, Format Version 12.00
# Visual Studio Version 16
VisualStudioVersion = 16.0.33130.400
MinimumVisualStudioVersion = 10.0.40219.1
Project("{9A19103F-16F7-4668-BE54-9A1E7A4F7556}") = "RUnitBench.Test", "RUnitBench.Test\NUnitBench.Test.csproj", "{5028462C-F955-41FF-B0AD-C93E3D1CBAC0}"
	ProjectSection(ProjectDependencies) = postProject
		{95E1A12E-5FBE-4A94-8D55-C4CDBF8E7B3D} = {95E1A12E-5FBE-4A94-8D55-C4CDBF8E7B3D}
		{590C439B-BF04-425A-8BD9-39589C74046B} = {590C439B-BF04-425A-8BD9-39589C74046B}
	EndProjectSection
EndProject
Project("{FAE04EC0-301F-11D3-BF4B-00C04F79EFBC}") = "RUnitBench", "RUnitBench\NUnitBench.csproj", "{590C439B-BF04-425A-8BD9-39589C74046B}"
EndProject
Project("{9A19103F-16F7-4668-BE54-9A1E7A4F7556}") = "RUnitBench.Benchmark", "RUnitBench.Benchmark\NUnitBench.Benchmark.csproj", "{95E1A12E-5FBE-4A94-8D55-C4CDBF8E7B3D}"
	ProjectSection(ProjectDependencies) = postProject
		{590C439B-BF04-425A-8BD9-39589C74046B} = {590C439B-BF04-425A-8BD9-39589C74046B}
	EndProjectSection
EndProject
Global
	GlobalSection(SolutionConfigurationPlatforms) = preSolution
		Debug|Any CPU = Debug|Any CPU
		Release|Any CPU = Release|Any CPU
	EndGlobalSection
	GlobalSection(ProjectConfigurationPlatforms) = postSolution
		{5028462C-F955-41FF-B0AD-C93E3D1CBAC0}.Debug|Any CPU.ActiveCfg = Debug|Any CPU
		{5028462C-F955-41FF-B0AD-C93E3D1CBAC0}.Debug|Any CPU.Build.0 = Debug|Any CPU
		{5028462C-F955-41FF-B0AD-C93E3D1CBAC0}.Release|Any CPU.ActiveCfg = Release|Any CPU
		{5028462C-F955-41FF-B0AD-C93E3D1CBAC0}.Release|Any CPU.Build.0 = Release|Any CPU
		{590C439B-BF04-425A-8BD9-39589C74046B}.Debug|Any CPU.ActiveCfg = Debug|Any CPU
		{590C439B-BF04-425A-8BD9-39589C74046B}.Debug|Any CPU.Build.0 = Debug|Any CPU
		{590C439B-BF04-425A-8BD9-39589C74046B}.Release|Any CPU.ActiveCfg = Release|Any CPU
		{590C439B-BF04-425A-8BD9-39589C74046B}.Release|Any CPU.Build.0 = Release|Any CPU
		{95E1A12E-5FBE-4A94-8D55-C4CDBF8E7B3D}.Debug|Any CPU.ActiveCfg = Debug|Any CPU
		{95E1A12E-5FBE-4A94-8D55-C4CDBF8E7B3D}.Debug|Any CPU.Build.0 = Debug|Any CPU
		{95E1A12E-5FBE-4A94-8D55-C4CDBF8E7B3D}.Release|Any CPU.ActiveCfg = Release|Any CPU
		{95E1A12E-5FBE-4A94-8D55-C4CDBF8E7B3D}.Release|Any CPU.Build.0 = Release|Any CPU
	EndGlobalSection
	GlobalSection(SolutionProperties) = preSolution
		HideSolutionNode = FALSE
	EndGlobalSection
	GlobalSection(ExtensibilityGlobals) = postSolution
		SolutionGuid = {ED682F52-C6F7-488E-A3CB-D476101B4986}
	EndGlobalSection
EndGlobal
